# THIS IS AN AUTOGENERATED FILE. DO NOT EDIT THIS FILE DIRECTLY.
# yarn lockfile v1
# bun ./bun.lockb --hash: B835D97255C2A647-0bf80fd0161862a8-46468F10E07C1CF0-b5c0fe48bb5f482e


"@biomejs/biome@1.9.3":
  version "1.9.3"
  resolved "https://registry.npmjs.org/@biomejs/biome/-/biome-1.9.3.tgz"
  integrity sha512-POjAPz0APAmX33WOQFGQrwLvlu7WLV4CFJMlB12b6ZSg+2q6fYu9kZwLCOA+x83zXfcPd1RpuWOKJW0GbBwLIQ==
  optionalDependencies:
    "@biomejs/cli-win32-x64" "1.9.3"
    "@biomejs/cli-win32-arm64" "1.9.3"
    "@biomejs/cli-darwin-x64" "1.9.3"
    "@biomejs/cli-darwin-arm64" "1.9.3"
    "@biomejs/cli-linux-x64" "1.9.3"
    "@biomejs/cli-linux-arm64" "1.9.3"
    "@biomejs/cli-linux-x64-musl" "1.9.3"
    "@biomejs/cli-linux-arm64-musl" "1.9.3"

"@biomejs/cli-darwin-arm64@1.9.3":
  version "1.9.3"
  resolved "https://registry.npmjs.org/@biomejs/cli-darwin-arm64/-/cli-darwin-arm64-1.9.3.tgz"
  integrity sha512-QZzD2XrjJDUyIZK+aR2i5DDxCJfdwiYbUKu9GzkCUJpL78uSelAHAPy7m0GuPMVtF/Uo+OKv97W3P9nuWZangQ==

"@biomejs/cli-darwin-x64@1.9.3":
  version "1.9.3"
  resolved "https://registry.npmjs.org/@biomejs/cli-darwin-x64/-/cli-darwin-x64-1.9.3.tgz"
  integrity sha512-vSCoIBJE0BN3SWDFuAY/tRavpUtNoqiceJ5PrU3xDfsLcm/U6N93JSM0M9OAiC/X7mPPfejtr6Yc9vSgWlEgVw==

"@biomejs/cli-linux-arm64@1.9.3":
  version "1.9.3"
  resolved "https://registry.npmjs.org/@biomejs/cli-linux-arm64/-/cli-linux-arm64-1.9.3.tgz"
  integrity sha512-vJkAimD2+sVviNTbaWOGqEBy31cW0ZB52KtpVIbkuma7PlfII3tsLhFa+cwbRAcRBkobBBhqZ06hXoZAN8NODQ==

"@biomejs/cli-linux-arm64-musl@1.9.3":
  version "1.9.3"
  resolved "https://registry.npmjs.org/@biomejs/cli-linux-arm64-musl/-/cli-linux-arm64-musl-1.9.3.tgz"
  integrity sha512-VBzyhaqqqwP3bAkkBrhVq50i3Uj9+RWuj+pYmXrMDgjS5+SKYGE56BwNw4l8hR3SmYbLSbEo15GcV043CDSk+Q==

"@biomejs/cli-linux-x64@1.9.3":
  version "1.9.3"
  resolved "https://registry.npmjs.org/@biomejs/cli-linux-x64/-/cli-linux-x64-1.9.3.tgz"
  integrity sha512-x220V4c+romd26Mu1ptU+EudMXVS4xmzKxPVb9mgnfYlN4Yx9vD5NZraSx/onJnd3Gh/y8iPUdU5CDZJKg9COA==

"@biomejs/cli-linux-x64-musl@1.9.3":
  version "1.9.3"
  resolved "https://registry.npmjs.org/@biomejs/cli-linux-x64-musl/-/cli-linux-x64-musl-1.9.3.tgz"
  integrity sha512-TJmnOG2+NOGM72mlczEsNki9UT+XAsMFAOo8J0me/N47EJ/vkLXxf481evfHLlxMejTY6IN8SdRSiPVLv6AHlA==

"@biomejs/cli-win32-arm64@1.9.3":
  version "1.9.3"
  resolved "https://registry.npmjs.org/@biomejs/cli-win32-arm64/-/cli-win32-arm64-1.9.3.tgz"
  integrity sha512-lg/yZis2HdQGsycUvHWSzo9kOvnGgvtrYRgoCEwPBwwAL8/6crOp3+f47tPwI/LI1dZrhSji7PNsGKGHbwyAhw==

"@biomejs/cli-win32-x64@1.9.3":
  version "1.9.3"
  resolved "https://registry.npmjs.org/@biomejs/cli-win32-x64/-/cli-win32-x64-1.9.3.tgz"
  integrity sha512-cQMy2zanBkVLpmmxXdK6YePzmZx0s5Z7KEnwmrW54rcXK3myCNbQa09SwGZ8i/8sLw0H9F3X7K4rxVNGU8/D4Q==

"@next/env@14.2.14":
  version "14.2.14"
  resolved "https://registry.npmjs.org/@next/env/-/env-14.2.14.tgz"
  integrity sha512-/0hWQfiaD5//LvGNgc8PjvyqV50vGK0cADYzaoOOGN8fxzBn3iAiaq3S0tCRnFBldq0LVveLcxCTi41ZoYgAgg==

"@next/swc-darwin-arm64@14.2.14":
  version "14.2.14"
  resolved "https://registry.npmjs.org/@next/swc-darwin-arm64/-/swc-darwin-arm64-14.2.14.tgz"
  integrity sha512-bsxbSAUodM1cjYeA4o6y7sp9wslvwjSkWw57t8DtC8Zig8aG8V6r+Yc05/9mDzLKcybb6EN85k1rJDnMKBd9Gw==

"@next/swc-darwin-x64@14.2.14":
  version "14.2.14"
  resolved "https://registry.npmjs.org/@next/swc-darwin-x64/-/swc-darwin-x64-14.2.14.tgz"
  integrity sha512-cC9/I+0+SK5L1k9J8CInahduTVWGMXhQoXFeNvF0uNs3Bt1Ub0Azb8JzTU9vNCr0hnaMqiWu/Z0S1hfKc3+dww==

"@next/swc-linux-arm64-gnu@14.2.14":
  version "14.2.14"
  resolved "https://registry.npmjs.org/@next/swc-linux-arm64-gnu/-/swc-linux-arm64-gnu-14.2.14.tgz"
  integrity sha512-RMLOdA2NU4O7w1PQ3Z9ft3PxD6Htl4uB2TJpocm+4jcllHySPkFaUIFacQ3Jekcg6w+LBaFvjSPthZHiPmiAUg==

"@next/swc-linux-arm64-musl@14.2.14":
  version "14.2.14"
  resolved "https://registry.npmjs.org/@next/swc-linux-arm64-musl/-/swc-linux-arm64-musl-14.2.14.tgz"
  integrity sha512-WgLOA4hT9EIP7jhlkPnvz49iSOMdZgDJVvbpb8WWzJv5wBD07M2wdJXLkDYIpZmCFfo/wPqFsFR4JS4V9KkQ2A==

"@next/swc-linux-x64-gnu@14.2.14":
  version "14.2.14"
  resolved "https://registry.npmjs.org/@next/swc-linux-x64-gnu/-/swc-linux-x64-gnu-14.2.14.tgz"
  integrity sha512-lbn7svjUps1kmCettV/R9oAvEW+eUI0lo0LJNFOXoQM5NGNxloAyFRNByYeZKL3+1bF5YE0h0irIJfzXBq9Y6w==

"@next/swc-linux-x64-musl@14.2.14":
  version "14.2.14"
  resolved "https://registry.npmjs.org/@next/swc-linux-x64-musl/-/swc-linux-x64-musl-14.2.14.tgz"
  integrity sha512-7TcQCvLQ/hKfQRgjxMN4TZ2BRB0P7HwrGAYL+p+m3u3XcKTraUFerVbV3jkNZNwDeQDa8zdxkKkw2els/S5onQ==

"@next/swc-win32-arm64-msvc@14.2.14":
  version "14.2.14"
  resolved "https://registry.npmjs.org/@next/swc-win32-arm64-msvc/-/swc-win32-arm64-msvc-14.2.14.tgz"
  integrity sha512-8i0Ou5XjTLEje0oj0JiI0Xo9L/93ghFtAUYZ24jARSeTMXLUx8yFIdhS55mTExq5Tj4/dC2fJuaT4e3ySvXU1A==

"@next/swc-win32-ia32-msvc@14.2.14":
  version "14.2.14"
  resolved "https://registry.npmjs.org/@next/swc-win32-ia32-msvc/-/swc-win32-ia32-msvc-14.2.14.tgz"
  integrity sha512-2u2XcSaDEOj+96eXpyjHjtVPLhkAFw2nlaz83EPeuK4obF+HmtDJHqgR1dZB7Gb6V/d55FL26/lYVd0TwMgcOQ==

"@next/swc-win32-x64-msvc@14.2.14":
  version "14.2.14"
  resolved "https://registry.npmjs.org/@next/swc-win32-x64-msvc/-/swc-win32-x64-msvc-14.2.14.tgz"
  integrity sha512-MZom+OvZ1NZxuRovKt1ApevjiUJTcU2PmdJKL66xUPaJeRywnbGGRWUlaAOwunD6dX+pm83vj979NTC8QXjGWg==

"@swc/counter@^0.1.3":
  version "0.1.3"
  resolved "https://registry.npmjs.org/@swc/counter/-/counter-0.1.3.tgz"
  integrity sha512-e2BR4lsJkkRlKZ/qCHPw9ZaSxc0MVUd7gtbtaB7aMvHeJVYe8sOB8DBZkP2DtISHGSku9sCK6T6cnY0CtXrOCQ==

"@swc/helpers@0.5.5":
  version "0.5.5"
  resolved "https://registry.npmjs.org/@swc/helpers/-/helpers-0.5.5.tgz"
  integrity sha512-KGYxvIOXcceOAbEk4bi/dVLEK9z8sZ0uBB3Il5b1rhfClSpcX0yfRO0KmTkqR2cnQDymwLB+25ZyMzICg/cm/A==
  dependencies:
    tslib "^2.4.0"
    "@swc/counter" "^0.1.3"

"@types/node@^20.16.10":
  version "20.16.10"
  resolved "https://registry.npmjs.org/@types/node/-/node-20.16.10.tgz"
  integrity sha512-vQUKgWTjEIRFCvK6CyriPH3MZYiYlNy0fKiEYHWbcoWLEgs4opurGGKlebrTLqdSMIbXImH6XExNiIyNUv3WpA==
  dependencies:
    undici-types "~6.19.2"

"@types/prop-types@*":
  version "15.7.13"
  resolved "https://registry.npmjs.org/@types/prop-types/-/prop-types-15.7.13.tgz"
  integrity sha512-hCZTSvwbzWGvhqxp/RqVqwU999pBf2vp7hzIjiYOsl8wqOmUxkQ6ddw1cV3l8811+kdUFus/q4d1Y3E3SyEifA==

"@types/react@*", "@types/react@^18.3.11":
  version "18.3.11"
  resolved "https://registry.npmjs.org/@types/react/-/react-18.3.11.tgz"
  integrity sha512-r6QZ069rFTjrEYgFdOck1gK7FLVsgJE7tTz0pQBczlBNUhBNk0MQH4UbnFSwjpQLMkLzgqvBBa+qGpLje16eTQ==
  dependencies:
    csstype "^3.0.2"
    "@types/prop-types" "*"

"@types/react-dom@^18.3.0":
  version "18.3.0"
  resolved "https://registry.npmjs.org/@types/react-dom/-/react-dom-18.3.0.tgz"
  integrity sha512-EhwApuTmMBmXuFOikhQLIBUn6uFg81SwLMOAUgodJF14SOBOCMdU04gDoYi0WOJJHD144TL32z4yDqCW3dnkQg==
  dependencies:
    "@types/react" "*"

busboy@1.6.0:
  version "1.6.0"
  resolved "https://registry.npmjs.org/busboy/-/busboy-1.6.0.tgz"
  integrity sha512-8SFQbg/0hQ9xy3UNTB0YEnsNBbWfhf7RtnzpL7TkBiTBRfrQ9Fxcnz7VJsleJpyp6rVLvXiuORqjlHi5q+PYuA==
  dependencies:
    streamsearch "^1.1.0"

caniuse-lite@^1.0.30001579:
  version "1.0.30001667"
  resolved "https://registry.npmjs.org/caniuse-lite/-/caniuse-lite-1.0.30001667.tgz"
  integrity sha512-7LTwJjcRkzKFmtqGsibMeuXmvFDfZq/nzIjnmgCGzKKRVzjD72selLDK1oPF/Oxzmt4fNcPvTDvGqSDG4tCALw==

client-only@0.0.1:
  version "0.0.1"
  resolved "https://registry.npmjs.org/client-only/-/client-only-0.0.1.tgz"
  integrity sha512-IV3Ou0jSMzZrd3pZ48nLkT9DA7Ag1pnPzaiQhpW7c3RbcqqzvzzVu+L8gfqMp/8IM2MQtSiqaCxrrcfu8I8rMA==

csstype@^3.0.2:
  version "3.1.3"
  resolved "https://registry.npmjs.org/csstype/-/csstype-3.1.3.tgz"
  integrity sha512-M1uQkMl8rQK/szD0LNhtqxIPLpimGm8sOBwU7lLnCpSbTyY3yeU1Vc7l4KT5zT4s/yOxHH5O7tIuuLOCnLADRw==

graceful-fs@^4.2.11:
  version "4.2.11"
  resolved "https://registry.npmjs.org/graceful-fs/-/graceful-fs-4.2.11.tgz"
  integrity sha512-RbJ5/jmFcNNCcDV5o9eTnBLJ/HszWV0P73bc+Ff4nS/rJj+YaS6IGyiOL0VoBYX+l1Wrl3k63h/KrH+nhJ0XvQ==

"js-tokens@^3.0.0 || ^4.0.0":
  version "4.0.0"
  resolved "https://registry.npmjs.org/js-tokens/-/js-tokens-4.0.0.tgz"
  integrity sha512-RdJUflcE3cUzKiMqQgsCu06FPu9UdIJO0beYbPhHN4k6apgJtifcoCtT9bcxOpYBtpD2kCM6Sbzg4CausW/PKQ==

lefthook@^1.7.18:
  version "1.7.18"
  resolved "https://registry.npmjs.org/lefthook/-/lefthook-1.7.18.tgz"
  integrity sha512-CB2cf/BgSA5kKwGZ4cZyPL/sr99a+t5exH+LJMuFfQyN6B6MkC1YtibpTc/T3HJyzk1oY4HgqalkNB3/cXRU5w==
  optionalDependencies:
    lefthook-darwin-arm64 "1.7.18"
    lefthook-darwin-x64 "1.7.18"
    lefthook-linux-arm64 "1.7.18"
    lefthook-linux-x64 "1.7.18"
    lefthook-freebsd-arm64 "1.7.18"
    lefthook-freebsd-x64 "1.7.18"
    lefthook-openbsd-arm64 "1.7.18"
    lefthook-openbsd-x64 "1.7.18"
    lefthook-windows-arm64 "1.7.18"
    lefthook-windows-x64 "1.7.18"

lefthook-darwin-arm64@1.7.18:
  version "1.7.18"
  resolved "https://registry.npmjs.org/lefthook-darwin-arm64/-/lefthook-darwin-arm64-1.7.18.tgz"
  integrity sha512-jZgg+TSUINNWEJU2yGybTkW4qCVzGjtATnwJXsOJrM20IFWGy3NKdJG1S8Oha//5FmjcBOUY+gnXGxsWYkAesg==

lefthook-darwin-x64@1.7.18:
  version "1.7.18"
  resolved "https://registry.npmjs.org/lefthook-darwin-x64/-/lefthook-darwin-x64-1.7.18.tgz"
  integrity sha512-bEWaPmG4oB2YVW46sicBV6oB3ynC0ai+q+UuTwClWNcQ7aZivZcxRGDA4KmsldAGgmLls2bL0oRVwg2t3axnfA==

lefthook-freebsd-arm64@1.7.18:
  version "1.7.18"
  resolved "https://registry.npmjs.org/lefthook-freebsd-arm64/-/lefthook-freebsd-arm64-1.7.18.tgz"
  integrity sha512-XWYpQGSkcKMye0OfXd9VkVQnccKJ5Vue04fDNvVFypFTTXJSwtCNfRF/RGGZ9KXmEz4U/m6JPRMjj4o//lmtzQ==

lefthook-freebsd-x64@1.7.18:
  version "1.7.18"
  resolved "https://registry.npmjs.org/lefthook-freebsd-x64/-/lefthook-freebsd-x64-1.7.18.tgz"
  integrity sha512-EJ3oaQXi0DUXQP0FPiCcxZI3UqR27xt/0MEfwztKnfFIF6toNvUkmD+AgTp0SUOGMvquGEPDN2Fh1eWqNUyZ7Q==

lefthook-linux-arm64@1.7.18:
  version "1.7.18"
  resolved "https://registry.npmjs.org/lefthook-linux-arm64/-/lefthook-linux-arm64-1.7.18.tgz"
  integrity sha512-V8TMOtMvDUT5gXUqE7IPs1fT3esGfy/BPm9+UR3odzbkP+MRSOo049H2C2PDCIQylsRciMVU27QM6b4tfLvZRw==

lefthook-linux-x64@1.7.18:
  version "1.7.18"
  resolved "https://registry.npmjs.org/lefthook-linux-x64/-/lefthook-linux-x64-1.7.18.tgz"
  integrity sha512-Cw0StKxQTucrUvIT80ZDOdUdcM44u9mhBCFg4JoiLfVhd30yiLfgoPijIAgHRIluBgTRfWFC3wxWM5zbszSD2w==

lefthook-openbsd-arm64@1.7.18:
  version "1.7.18"
  resolved "https://registry.npmjs.org/lefthook-openbsd-arm64/-/lefthook-openbsd-arm64-1.7.18.tgz"
  integrity sha512-DGSpivaJUVl/uTnyZzkL11vpJGv4/wl6ETAkwKz09hyvES1mbcnG8nnVmELbdwL+qnRkWvu5YRcYgNFK4JmSlg==

lefthook-openbsd-x64@1.7.18:
  version "1.7.18"
  resolved "https://registry.npmjs.org/lefthook-openbsd-x64/-/lefthook-openbsd-x64-1.7.18.tgz"
  integrity sha512-c1hfPxCXjqmm1bp7o03cD99noQ5Rbno0I05xO3h2GlQfUxXxixpWuoz/uWW9pBzuTp46vgv4kxc7/1kIoJwjtQ==

lefthook-windows-arm64@1.7.18:
  version "1.7.18"
  resolved "https://registry.npmjs.org/lefthook-windows-arm64/-/lefthook-windows-arm64-1.7.18.tgz"
  integrity sha512-1rPf98E31HbzEflfBrKyE0NQD9iLCE1RVJb7hTH1snakm0tDdeAGMowFwtvMV1bkYwwv4yIzEam8xa4IzJ7wLw==

lefthook-windows-x64@1.7.18:
  version "1.7.18"
  resolved "https://registry.npmjs.org/lefthook-windows-x64/-/lefthook-windows-x64-1.7.18.tgz"
  integrity sha512-wthEG+aWPmJcEF4FZoabtMbZCLCJJ2ynIPyh8tiqnLoauQaAvaYOQuOEUK1gwhVOiducaOmP6A0MWGX35jA9mw==

loose-envify@^1.1.0:
  version "1.4.0"
  resolved "https://registry.npmjs.org/loose-envify/-/loose-envify-1.4.0.tgz"
  integrity sha512-lyuxPGr/Wfhrlem2CL/UcnUc1zcqKAImBDzukY7Y5F/yQiNdko6+fRLevlw1HgMySw7f611UIY408EtxRSoK3Q==
  dependencies:
    js-tokens "^3.0.0 || ^4.0.0"

nanoid@^3.3.6:
  version "3.3.7"
  resolved "https://registry.npmjs.org/nanoid/-/nanoid-3.3.7.tgz"
  integrity sha512-eSRppjcPIatRIMC1U6UngP8XFcz8MQWGQdt1MTBQ7NaAmvXDfvNxbvWV3x2y6CdEUciCSsDHDQZbhYaB8QEo2g==

next@14.2.14:
  version "14.2.14"
  resolved "https://registry.npmjs.org/next/-/next-14.2.14.tgz"
  integrity sha512-Q1coZG17MW0Ly5x76shJ4dkC23woLAhhnDnw+DfTc7EpZSGuWrlsZ3bZaO8t6u1Yu8FVfhkqJE+U8GC7E0GLPQ==
  dependencies:
    busboy "1.6.0"
    postcss "8.4.31"
    "@next/env" "14.2.14"
    styled-jsx "5.1.1"
    graceful-fs "^4.2.11"
    "@swc/helpers" "0.5.5"
    caniuse-lite "^1.0.30001579"
  optionalDependencies:
    "@next/swc-darwin-x64" "14.2.14"
    "@next/swc-darwin-arm64" "14.2.14"
    "@next/swc-linux-x64-gnu" "14.2.14"
    "@next/swc-linux-x64-musl" "14.2.14"
    "@next/swc-win32-x64-msvc" "14.2.14"
    "@next/swc-linux-arm64-gnu" "14.2.14"
    "@next/swc-win32-ia32-msvc" "14.2.14"
    "@next/swc-linux-arm64-musl" "14.2.14"
    "@next/swc-win32-arm64-msvc" "14.2.14"

picocolors@^1.0.0:
  version "1.1.0"
  resolved "https://registry.npmjs.org/picocolors/-/picocolors-1.1.0.tgz"
  integrity sha512-TQ92mBOW0l3LeMeyLV6mzy/kWr8lkd/hp3mTg7wYK7zJhuBStmGMBG0BdeDZS/dZx1IukaX6Bk11zcln25o1Aw==

postcss@8.4.31:
  version "8.4.31"
  resolved "https://registry.npmjs.org/postcss/-/postcss-8.4.31.tgz"
  integrity sha512-PS08Iboia9mts/2ygV3eLpY5ghnUcfLV/EXTOW1E2qYxJKGGBUtNjN76FYHnMs36RmARn41bC0AZmn+rR0OVpQ==
  dependencies:
    nanoid "^3.3.6"
    picocolors "^1.0.0"
    source-map-js "^1.0.2"

"react@>= 16.8.0 || 17.x.x || ^18.0.0-0", react@^18.2.0, react@^18.3.1:
  version "18.3.1"
  resolved "https://registry.npmjs.org/react/-/react-18.3.1.tgz"
  integrity sha512-wS+hAgJShR0KhEvPJArfuPVN1+Hz1t0Y6n5jLrGQbkb4urgPE/0Rve+1kMB1v/oWgHgm4WIcV+i7F2pTVj+2iQ==
  dependencies:
    loose-envify "^1.1.0"

react-dom@^18.2.0, react-dom@^18.3.1:
  version "18.3.1"
  resolved "https://registry.npmjs.org/react-dom/-/react-dom-18.3.1.tgz"
  integrity sha512-5m4nQKp+rZRb09LNH59GM4BxTh9251/ylbKIbpe7TpGxfJ+9kv6BLkLBXIjjspbgbnIBNqlI23tRnTWT0snUIw==
  dependencies:
    scheduler "^0.23.2"
    loose-envify "^1.1.0"

scheduler@^0.23.2:
  version "0.23.2"
  resolved "https://registry.npmjs.org/scheduler/-/scheduler-0.23.2.tgz"
  integrity sha512-UOShsPwz7NrMUqhR6t0hWjFduvOzbtv7toDH1/hIrfRNIDBnnBWd0CwJTGvTpngVlmwGCdP9/Zl/tVrDqcuYzQ==
  dependencies:
    loose-envify "^1.1.0"

source-map-js@^1.0.2:
  version "1.2.1"
  resolved "https://registry.npmjs.org/source-map-js/-/source-map-js-1.2.1.tgz"
  integrity sha512-UXWMKhLOwVKb728IUtQPXxfYU+usdybtUrK/8uGE8CQMvrhOpwvzDBwj0QhSL7MQc7vIsISBG8VQ8+IDQxpfQA==

streamsearch@^1.1.0:
  version "1.1.0"
  resolved "https://registry.npmjs.org/streamsearch/-/streamsearch-1.1.0.tgz"
  integrity sha512-Mcc5wHehp9aXz1ax6bZUyY5afg9u2rv5cqQI3mRrYkGC8rW2hM02jWuwjtL++LS5qinSyhj2QfLyNsuc+VsExg==

styled-jsx@5.1.1:
  version "5.1.1"
  resolved "https://registry.npmjs.org/styled-jsx/-/styled-jsx-5.1.1.tgz"
  integrity sha512-pW7uC1l4mBZ8ugbiZrcIsiIvVx1UmTfw7UkC3Um2tmfUq9Bhk8IiyEIPl6F8agHgjzku6j0xQEZbfA5uSgSaCw==
  dependencies:
    client-only "0.0.1"

tslib@^2.4.0:
  version "2.7.0"
  resolved "https://registry.npmjs.org/tslib/-/tslib-2.7.0.tgz"
  integrity sha512-gLXCKdN1/j47AiHiOkJN69hJmcbGTHI0ImLmbYLHykhgeN0jVGola9yVjFgzCUklsZQMW55o+dW7IXv3RCXDzA==

typescript@^5.6.2:
  version "5.6.2"
  resolved "https://registry.npmjs.org/typescript/-/typescript-5.6.2.tgz"
  integrity sha512-NW8ByodCSNCwZeghjN3o+JX5OFH0Ojg6sadjEKY4huZ52TqbJTJnDo5+Tw98lSy63NZvi4n+ez5m2u5d4PkZyw==

undici-types@~6.19.2:
  version "6.19.8"
  resolved "https://registry.npmjs.org/undici-types/-/undici-types-6.19.8.tgz"
  integrity sha512-ve2KP6f/JnbPBFyobGHuerC9g1FYGn/F8n1LWTwNxCEzd6IfqTwUQcNXgEtmmQ6DlRrC1hrSrBnCZPokRrDHjw==
